
Microsoft Visual Studio Solution File, Format Version 12.00
# Visual Studio Version 16
VisualStudioVersion = 16.0.29102.190
MinimumVisualStudioVersion = 10.0.40219.1
Project("{FAE04EC0-301F-11D3-BF4B-00C04F79EFBC}") = "App01_BuscaCEP.Android", "App01_BuscaCEP\App01_BuscaCEP.Android\App01_BuscaCEP.Android.csproj", "{B67860F7-CDF5-4BF1-A297-3234FAF1B271}"
EndProject
Project("{FAE04EC0-301F-11D3-BF4B-00C04F79EFBC}") = "App01_BuscaCEP", "App01_BuscaCEP\App01_BuscaCEP\App01_BuscaCEP.csproj", "{AE7674C0-0671-4D7A-BC84-C1A1033B8607}"
EndProject
Global
	GlobalSection(SolutionConfigurationPlatforms) = preSolution
		Debug|Any CPU = Debug|Any CPU
		Release|Any CPU = Release|Any CPU
	EndGlobalSection
	GlobalSection(ProjectConfigurationPlatforms) = postSolution
		{B67860F7-CDF5-4BF1-A297-3234FAF1B271}.Debug|Any CPU.ActiveCfg = Debug|Any CPU
		{B67860F7-CDF5-4BF1-A297-3234FAF1B271}.Debug|Any CPU.Build.0 = Debug|Any CPU
		{B67860F7-CDF5-4BF1-A297-3234FAF1B271}.Debug|Any CPU.Deploy.0 = Debug|Any CPU
		{B67860F7-CDF5-4BF1-A297-3234FAF1B271}.Release|Any CPU.ActiveCfg = Release|Any CPU
		{B67860F7-CDF5-4BF1-A297-3234FAF1B271}.Release|Any CPU.Build.0 = Release|Any CPU
		{B67860F7-CDF5-4BF1-A297-3234FAF1B271}.Release|Any CPU.Deploy.0 = Release|Any CPU
		{AE7674C0-0671-4D7A-BC84-C1A1033B8607}.Debug|Any CPU.ActiveCfg = Debug|Any CPU
		{AE7674C0-0671-4D7A-BC84-C1A1033B8607}.Debug|Any CPU.Build.0 = Debug|Any CPU
		{AE7674C0-0671-4D7A-BC84-C1A1033B8607}.Release|Any CPU.ActiveCfg = Release|Any CPU
		{AE7674C0-0671-4D7A-BC84-C1A1033B8607}.Release|Any CPU.Build.0 = Release|Any CPU
	EndGlobalSection
	GlobalSection(SolutionProperties) = preSolution
		HideSolutionNode = FALSE
	EndGlobalSection
	GlobalSection(ExtensibilityGlobals) = postSolution
		SolutionGuid = {0AD82F4D-B36C-46B4-B353-5526379182AC}
	EndGlobalSection
EndGlobal
