
Microsoft Visual Studio Solution File, Format Version 12.00
# Visual Studio Version 16
VisualStudioVersion = 16.0.29102.190
MinimumVisualStudioVersion = 10.0.40219.1
Project("{FAE04EC0-301F-11D3-BF4B-00C04F79EFBC}") = "App01_ControlXF.Android", "App01_ControlXF\App01_ControlXF.Android\App01_ControlXF.Android.csproj", "{148CB3C2-1505-4487-8313-71C426597AF6}"
EndProject
Project("{FAE04EC0-301F-11D3-BF4B-00C04F79EFBC}") = "App01_ControlXF", "App01_ControlXF\App01_ControlXF\App01_ControlXF.csproj", "{98F5D392-D49E-4AA8-B7CD-285724360DA3}"
EndProject
Global
	GlobalSection(SolutionConfigurationPlatforms) = preSolution
		Debug|Any CPU = Debug|Any CPU
		Release|Any CPU = Release|Any CPU
	EndGlobalSection
	GlobalSection(ProjectConfigurationPlatforms) = postSolution
		{148CB3C2-1505-4487-8313-71C426597AF6}.Debug|Any CPU.ActiveCfg = Debug|Any CPU
		{148CB3C2-1505-4487-8313-71C426597AF6}.Debug|Any CPU.Build.0 = Debug|Any CPU
		{148CB3C2-1505-4487-8313-71C426597AF6}.Debug|Any CPU.Deploy.0 = Debug|Any CPU
		{148CB3C2-1505-4487-8313-71C426597AF6}.Release|Any CPU.ActiveCfg = Release|Any CPU
		{148CB3C2-1505-4487-8313-71C426597AF6}.Release|Any CPU.Build.0 = Release|Any CPU
		{148CB3C2-1505-4487-8313-71C426597AF6}.Release|Any CPU.Deploy.0 = Release|Any CPU
		{98F5D392-D49E-4AA8-B7CD-285724360DA3}.Debug|Any CPU.ActiveCfg = Debug|Any CPU
		{98F5D392-D49E-4AA8-B7CD-285724360DA3}.Debug|Any CPU.Build.0 = Debug|Any CPU
		{98F5D392-D49E-4AA8-B7CD-285724360DA3}.Release|Any CPU.ActiveCfg = Release|Any CPU
		{98F5D392-D49E-4AA8-B7CD-285724360DA3}.Release|Any CPU.Build.0 = Release|Any CPU
	EndGlobalSection
	GlobalSection(SolutionProperties) = preSolution
		HideSolutionNode = FALSE
	EndGlobalSection
	GlobalSection(ExtensibilityGlobals) = postSolution
		SolutionGuid = {98667DED-EC50-41BA-B044-8AA9A2261576}
	EndGlobalSection
EndGlobal
